
Microsoft Visual Studio Solution File, Format Version 12.00
Project("{FAE04EC0-301F-11D3-BF4B-00C04F79EFBC}") = "Magenta", "Magenta\Magenta.csproj", "{320A1197-E3F5-45DC-9563-2832BDDE5EC4}"
EndProject
Global
	GlobalSection(SolutionConfigurationPlatforms) = preSolution
		Debug|Any CPU = Debug|Any CPU
		Release|Any CPU = Release|Any CPU
	EndGlobalSection
	GlobalSection(ProjectConfigurationPlatforms) = postSolution
		{320A1197-E3F5-45DC-9563-2832BDDE5EC4}.Debug|Any CPU.ActiveCfg = Debug|Any CPU
		{320A1197-E3F5-45DC-9563-2832BDDE5EC4}.Debug|Any CPU.Build.0 = Debug|Any CPU
		{320A1197-E3F5-45DC-9563-2832BDDE5EC4}.Release|Any CPU.ActiveCfg = Release|Any CPU
		{320A1197-E3F5-45DC-9563-2832BDDE5EC4}.Release|Any CPU.Build.0 = Release|Any CPU
	EndGlobalSection
EndGlobal
